<?xml version="1.0" encoding="utf-8"?>
<Project ToolsVersion="4.0" xmlns="http://schemas.microsoft.com/developer/msbuild/2003">
  <ItemGroup>
    <Filter Include="Source Files">
      <UniqueIdentifier>{4FC737F1-C7A5-4376-A066-2A32D752A2FF}</UniqueIdentifier>
      <Extensions>cpp;c;cc;cxx;def;odl;idl;hpj;bat;asm;asmx</Extensions>
    </Filter>
    <Filter Include="Header Files">
      <UniqueIdentifier>{93995380-89BD-4b04-88EB-625FBE52EBFB}</UniqueIdentifier>
      <Extensions>h;hh;hpp;hxx;hm;inl;inc;ipp;xsd</Extensions>
    </Filter>
    <Filter Include="Resource Files">
      <UniqueIdentifier>{67DA6AB6-F800-4c08-8B7A-83BB121AAD01}</UniqueIdentifier>
      <Extensions>rc;ico;cur;bmp;dlg;rc2;rct;bin;rgs;gif;jpg;jpeg;jpe;resx;tiff;tif;png;wav;mfcribbon-ms</Extensions>
    </Filter>
    <Filter Include="GameObject">
      <UniqueIdentifier>{dbde3a81-1d90-485f-b444-96e039676226}</UniqueIdentifier>
    </Filter>
    <Filter Include="jsoncpp">
      <UniqueIdentifier>{dffef3b6-dc4a-4ef9-bd7a-2b5e7d8339af}</UniqueIdentifier>
    </Filter>
    <Filter Include="DebugRenderer">
      <UniqueIdentifier>{2afd640f-4a42-419f-82bb-2f374fa34369}</UniqueIdentifier>
    </Filter>
    <Filter Include="Lights">
      <UniqueIdentifier>{204d8df5-44b4-4560-94ca-de4b9c6cb25f}</UniqueIdentifier>
    </Filter>
    <Filter Include="InputManager">
      <UniqueIdentifier>{0a60ee32-9a7c-4253-ad00-5b51845aebf1}</UniqueIdentifier>
    </Filter>
    <Filter Include="World">
      <UniqueIdentifier>{b863bea5-4142-4ab1-a45f-487d1a9b7697}</UniqueIdentifier>
    </Filter>
    <Filter Include="Messageable">
      <UniqueIdentifier>{3fc45f69-4627-4ab8-a84c-90411b0141a8}</UniqueIdentifier>
    </Filter>
    <Filter Include="GameObjectFactory">
      <UniqueIdentifier>{d4d8f2ee-c1eb-45aa-87d8-12493619d252}</UniqueIdentifier>
    </Filter>
    <Filter Include="CustomObjects">
      <UniqueIdentifier>{dc176671-d0b7-4d6e-bce0-9b7f402a3428}</UniqueIdentifier>
    </Filter>
    <Filter Include="Resource Files\Scenes">
      <UniqueIdentifier>{f710265c-cd38-4e3b-9e5d-4ba824ec31d8}</UniqueIdentifier>
    </Filter>
    <Filter Include="Resource Files\Shaders">
      <UniqueIdentifier>{a4da7a4e-8d3e-4517-b864-ad0380652284}</UniqueIdentifier>
    </Filter>
    <Filter Include="Textures">
      <UniqueIdentifier>{0e13311e-48b8-4c56-9a3d-628f83fc0339}</UniqueIdentifier>
    </Filter>
    <Filter Include="Lua">
      <UniqueIdentifier>{688ac717-7c3c-4ff5-b754-4f503484cf13}</UniqueIdentifier>
    </Filter>
    <Filter Include="Resource Files\Lua Scripts">
      <UniqueIdentifier>{c5cdfddf-46fe-43b8-8b6f-13f19b8bbf57}</UniqueIdentifier>
    </Filter>
    <Filter Include="Commands">
      <UniqueIdentifier>{843bb41f-abfd-4298-88de-a812ae2b4c4a}</UniqueIdentifier>
    </Filter>
    <Filter Include="Particles">
      <UniqueIdentifier>{ab6ac858-c003-40f0-86a7-991e9318965d}</UniqueIdentifier>
    </Filter>
    <Filter Include="Camera">
      <UniqueIdentifier>{8ded9370-12ff-41f7-bfd2-c1fa5fdc03dd}</UniqueIdentifier>
    </Filter>
    <Filter Include="Ai">
      <UniqueIdentifier>{86a3adc5-6fc7-4648-8846-53f03d43a0d4}</UniqueIdentifier>
    </Filter>
  </ItemGroup>
  <ItemGroup>
    <ClCompile Include="glad.c">
      <Filter>Source Files</Filter>
    </ClCompile>
    <ClCompile Include="main.cpp">
      <Filter>Source Files</Filter>
    </ClCompile>
    <ClCompile Include="cModelLoader.cpp">
      <Filter>Source Files</Filter>
    </ClCompile>
    <ClCompile Include="cVAOManager.cpp">
      <Filter>Source Files</Filter>
    </ClCompile>
    <ClCompile Include="cShaderManager.cpp">
      <Filter>Source Files</Filter>
    </ClCompile>
    <ClCompile Include="cShader.cpp">
      <Filter>Source Files</Filter>
    </ClCompile>
    <ClCompile Include="src\json\jsoncpp.cpp">
      <Filter>jsoncpp</Filter>
    </ClCompile>
    <ClCompile Include="DebugRenderer\cDebugRenderer.cpp">
      <Filter>DebugRenderer</Filter>
    </ClCompile>
    <ClCompile Include="DebugRenderer\cDebugRenderer_BuiltInShapes.cpp">
      <Filter>DebugRenderer</Filter>
    </ClCompile>
    <ClCompile Include="DebugRenderer\CErrorLog.cpp">
      <Filter>DebugRenderer</Filter>
    </ClCompile>
    <ClCompile Include="DebugRenderer\cGLRenderStateHelper.cpp">
      <Filter>DebugRenderer</Filter>
    </ClCompile>
    <ClCompile Include="DebugRenderer\COpenGLError.cpp">
      <Filter>DebugRenderer</Filter>
    </ClCompile>
    <ClCompile Include="cGameObject.cpp">
      <Filter>GameObject</Filter>
    </ClCompile>
    <ClCompile Include="cLight.cpp">
      <Filter>Lights</Filter>
    </ClCompile>
    <ClCompile Include="cKeyboardManager.cpp">
      <Filter>InputManager</Filter>
    </ClCompile>
    <ClCompile Include="cWorld.cpp">
      <Filter>World</Filter>
    </ClCompile>
    <ClCompile Include="cGameObjectFactory.cpp">
      <Filter>GameObjectFactory</Filter>
    </ClCompile>
    <ClCompile Include="cFactoryManager.cpp">
      <Filter>GameObjectFactory</Filter>
    </ClCompile>
    <ClCompile Include="Texture\C24BitBMPpixel.cpp">
      <Filter>Textures</Filter>
    </ClCompile>
    <ClCompile Include="Texture\cBasicTextureManager.cpp">
      <Filter>Textures</Filter>
    </ClCompile>
    <ClCompile Include="Texture\CTextureFromBMP.cpp">
      <Filter>Textures</Filter>
    </ClCompile>
    <ClCompile Include="Lua\cLuaBrain.cpp">
      <Filter>Lua</Filter>
    </ClCompile>
    <ClCompile Include="cCommand.cpp">
      <Filter>Commands</Filter>
    </ClCompile>
    <ClCompile Include="cParticleEmitter.cpp">
      <Filter>Particles</Filter>
    </ClCompile>
    <ClCompile Include="cCamera.cpp">
      <Filter>Camera</Filter>
    </ClCompile>
    <ClCompile Include="cFBO.cpp">
      <Filter>Source Files</Filter>
    </ClCompile>
    <ClCompile Include="SteeringFunctions.cpp">
      <Filter>Ai</Filter>
    </ClCompile>
    <ClCompile Include="cCacodemon.cpp">
      <Filter>CustomObjects</Filter>
    </ClCompile>
    <ClCompile Include="cBullet.cpp">
      <Filter>CustomObjects</Filter>
    </ClCompile>
    <ClCompile Include="rwmath.cpp">
      <Filter>Source Files</Filter>
    </ClCompile>
  </ItemGroup>
  <ItemGroup>
    <ClInclude Include="cModelLoader.hpp">
      <Filter>Header Files</Filter>
    </ClInclude>
    <ClInclude Include="cMesh.hpp">
      <Filter>Header Files</Filter>
    </ClInclude>
    <ClInclude Include="cVAOManager.hpp">
      <Filter>Header Files</Filter>
    </ClInclude>
    <ClInclude Include="GLCommon.h">
      <Filter>Header Files</Filter>
    </ClInclude>
    <ClInclude Include="cShaderManager.hpp">
      <Filter>Header Files</Filter>
    </ClInclude>
    <ClInclude Include="cGameObject.hpp">
      <Filter>GameObject</Filter>
    </ClInclude>
    <ClInclude Include="DebugRenderer\cDebugRenderer.h">
      <Filter>DebugRenderer</Filter>
    </ClInclude>
    <ClInclude Include="DebugRenderer\CErrorLog.h">
      <Filter>DebugRenderer</Filter>
    </ClInclude>
    <ClInclude Include="DebugRenderer\cGLRenderStateHelper.h">
      <Filter>DebugRenderer</Filter>
    </ClInclude>
    <ClInclude Include="DebugRenderer\COpenGLError.h">
      <Filter>DebugRenderer</Filter>
    </ClInclude>
    <ClInclude Include="DebugRenderer\iDebugRenderer.h">
      <Filter>DebugRenderer</Filter>
    </ClInclude>
    <ClInclude Include="cLight.hpp">
      <Filter>Lights</Filter>
    </ClInclude>
    <ClInclude Include="cKeyboardManager.hpp">
      <Filter>InputManager</Filter>
    </ClInclude>
    <ClInclude Include="iMessageable.hpp">
      <Filter>Messageable</Filter>
    </ClInclude>
    <ClInclude Include="cWorld.hpp">
      <Filter>World</Filter>
    </ClInclude>
    <ClInclude Include="iGameObjectFactory.hpp">
      <Filter>GameObjectFactory</Filter>
    </ClInclude>
    <ClInclude Include="cGameObjectFactory.hpp">
      <Filter>GameObjectFactory</Filter>
    </ClInclude>
    <ClInclude Include="cFactoryManager.hpp">
      <Filter>GameObjectFactory</Filter>
    </ClInclude>
    <ClInclude Include="Texture\C24BitBMPpixel.h">
      <Filter>Textures</Filter>
    </ClInclude>
    <ClInclude Include="Texture\cBasicTextureManager.h">
      <Filter>Textures</Filter>
    </ClInclude>
    <ClInclude Include="Texture\CTextureFromBMP.h">
      <Filter>Textures</Filter>
    </ClInclude>
    <ClInclude Include="cCommand.hpp">
      <Filter>Commands</Filter>
    </ClInclude>
    <ClInclude Include="cTexture.hpp">
      <Filter>Textures</Filter>
    </ClInclude>
    <ClInclude Include="cParticleEmitter.hpp">
      <Filter>Particles</Filter>
    </ClInclude>
    <ClInclude Include="cParticle.hpp">
      <Filter>Particles</Filter>
    </ClInclude>
    <ClInclude Include="cCamera.hpp">
      <Filter>Camera</Filter>
    </ClInclude>
    <ClInclude Include="cFBO.h">
      <Filter>Header Files</Filter>
    </ClInclude>
    <ClInclude Include="SteeringFunctions.hpp">
      <Filter>Ai</Filter>
    </ClInclude>
    <ClInclude Include="cCacodemon.hpp">
      <Filter>CustomObjects</Filter>
    </ClInclude>
    <ClInclude Include="cBullet.hpp">
      <Filter>CustomObjects</Filter>
    </ClInclude>
    <ClInclude Include="rwmath.hpp">
      <Filter>Header Files</Filter>
    </ClInclude>
  </ItemGroup>
  <ItemGroup>
    <None Include="assets\shaders\fragmentShader01.glsl">
      <Filter>Resource Files\Shaders</Filter>
    </None>
    <None Include="assets\shaders\vertexShader01.glsl">
      <Filter>Resource Files\Shaders</Filter>
    </None>
    <None Include="scene1.json">
      <Filter>Resource Files\Scenes</Filter>
    </None>
    <None Include="assets\LuaScripts\init.lua" />
    <None Include="assets\LuaScripts\init_pelican.lua" />
    <None Include="assets\LuaScripts\test.lua" />
    <None Include="assets\models.json">
      <Filter>Resource Files</Filter>
    </None>
    <None Include="assets\textures.json">
      <Filter>Resource Files</Filter>
    </None>
  </ItemGroup>
  <ItemGroup>
    <Text Include="..\README.txt" />
  </ItemGroup>
</Project>